
Microsoft Visual Studio Solution File, Format Version 12.00
Project("{FAE04EC0-301F-11D3-BF4B-00C04F79EFBC}") = "EdTube", "EdTube\EdTube.csproj", "{E831197A-76C3-467B-994F-CAABE8C0CC69}"
EndProject
Global
	GlobalSection(SolutionConfigurationPlatforms) = preSolution
		Debug|Any CPU = Debug|Any CPU
		Release|Any CPU = Release|Any CPU
	EndGlobalSection
	GlobalSection(ProjectConfigurationPlatforms) = postSolution
		{E831197A-76C3-467B-994F-CAABE8C0CC69}.Debug|Any CPU.ActiveCfg = Debug|Any CPU
		{E831197A-76C3-467B-994F-CAABE8C0CC69}.Debug|Any CPU.Build.0 = Debug|Any CPU
		{E831197A-76C3-467B-994F-CAABE8C0CC69}.Release|Any CPU.ActiveCfg = Release|Any CPU
		{E831197A-76C3-467B-994F-CAABE8C0CC69}.Release|Any CPU.Build.0 = Release|Any CPU
	EndGlobalSection
EndGlobal
